
Microsoft Visual Studio Solution File, Format Version 12.00
# Visual Studio Version 17
VisualStudioVersion = 17.8.34004.107
MinimumVisualStudioVersion = 10.0.40219.1
Project("{FAE04EC0-301F-11D3-BF4B-00C04F79EFBC}") = "APP", "APP\APP.csproj", "{E480375E-566B-41DC-87DF-09DC403E002B}"
EndProject
Global
	GlobalSection(SolutionConfigurationPlatforms) = preSolution
		Debug|Any CPU = Debug|Any CPU
		Release|Any CPU = Release|Any CPU
	EndGlobalSection
	GlobalSection(ProjectConfigurationPlatforms) = postSolution
		{E480375E-566B-41DC-87DF-09DC403E002B}.Debug|Any CPU.ActiveCfg = Debug|Any CPU
		{E480375E-566B-41DC-87DF-09DC403E002B}.Debug|Any CPU.Build.0 = Debug|Any CPU
		{E480375E-566B-41DC-87DF-09DC403E002B}.Release|Any CPU.ActiveCfg = Release|Any CPU
		{E480375E-566B-41DC-87DF-09DC403E002B}.Release|Any CPU.Build.0 = Release|Any CPU
	EndGlobalSection
	GlobalSection(SolutionProperties) = preSolution
		HideSolutionNode = FALSE
	EndGlobalSection
	GlobalSection(ExtensibilityGlobals) = postSolution
		SolutionGuid = {4081B5D2-57E1-42AE-9C38-F0F913C2C0F3}
	EndGlobalSection
EndGlobal
